
Microsoft Visual Studio Solution File, Format Version 12.00
Project("{FAE04EC0-301F-11D3-BF4B-00C04F79EFBC}") = "MiniProject1", "MiniProject1\MiniProject1.csproj", "{20B59E83-4D7F-42D3-BBB9-18C4EC1261F2}"
EndProject
Project("{FAE04EC0-301F-11D3-BF4B-00C04F79EFBC}") = "MiniProject1.Test", "MiniProject1.Test\MiniProject1.Test.csproj", "{C6D6B84A-BC4E-472E-A97A-66258DF24E3C}"
EndProject
Global
	GlobalSection(SolutionConfigurationPlatforms) = preSolution
		Debug|Any CPU = Debug|Any CPU
		Release|Any CPU = Release|Any CPU
	EndGlobalSection
	GlobalSection(ProjectConfigurationPlatforms) = postSolution
		{20B59E83-4D7F-42D3-BBB9-18C4EC1261F2}.Debug|Any CPU.ActiveCfg = Debug|Any CPU
		{20B59E83-4D7F-42D3-BBB9-18C4EC1261F2}.Debug|Any CPU.Build.0 = Debug|Any CPU
		{20B59E83-4D7F-42D3-BBB9-18C4EC1261F2}.Release|Any CPU.ActiveCfg = Release|Any CPU
		{20B59E83-4D7F-42D3-BBB9-18C4EC1261F2}.Release|Any CPU.Build.0 = Release|Any CPU
		{C6D6B84A-BC4E-472E-A97A-66258DF24E3C}.Debug|Any CPU.ActiveCfg = Debug|Any CPU
		{C6D6B84A-BC4E-472E-A97A-66258DF24E3C}.Debug|Any CPU.Build.0 = Debug|Any CPU
		{C6D6B84A-BC4E-472E-A97A-66258DF24E3C}.Release|Any CPU.ActiveCfg = Release|Any CPU
		{C6D6B84A-BC4E-472E-A97A-66258DF24E3C}.Release|Any CPU.Build.0 = Release|Any CPU
	EndGlobalSection
EndGlobal
